
Microsoft Visual Studio Solution File, Format Version 12.00
# Visual Studio Version 16
VisualStudioVersion = 16.0.29613.14
MinimumVisualStudioVersion = 10.0.40219.1
Project("{9A19103F-16F7-4668-BE54-9A1E7A4F7556}") = "Guardian.APIGateway", "Guardian.APIGateway\Guardian.APIGateway.csproj", "{25B6FFA0-BE61-4AA1-8468-266CC7049632}"
EndProject
Project("{FAE04EC0-301F-11D3-BF4B-00C04F79EFBC}") = "Guardian.AuthorizationService", "Guardian.AuthorizationService\Guardian.AuthorizationService.csproj", "{BF636886-9C98-461C-92E7-93842F9F6678}"
EndProject
Global
	GlobalSection(SolutionConfigurationPlatforms) = preSolution
		Debug|Any CPU = Debug|Any CPU
		Release|Any CPU = Release|Any CPU
	EndGlobalSection
	GlobalSection(ProjectConfigurationPlatforms) = postSolution
		{25B6FFA0-BE61-4AA1-8468-266CC7049632}.Debug|Any CPU.ActiveCfg = Debug|Any CPU
		{25B6FFA0-BE61-4AA1-8468-266CC7049632}.Debug|Any CPU.Build.0 = Debug|Any CPU
		{25B6FFA0-BE61-4AA1-8468-266CC7049632}.Release|Any CPU.ActiveCfg = Release|Any CPU
		{25B6FFA0-BE61-4AA1-8468-266CC7049632}.Release|Any CPU.Build.0 = Release|Any CPU
		{BF636886-9C98-461C-92E7-93842F9F6678}.Debug|Any CPU.ActiveCfg = Debug|Any CPU
		{BF636886-9C98-461C-92E7-93842F9F6678}.Debug|Any CPU.Build.0 = Debug|Any CPU
		{BF636886-9C98-461C-92E7-93842F9F6678}.Release|Any CPU.ActiveCfg = Release|Any CPU
		{BF636886-9C98-461C-92E7-93842F9F6678}.Release|Any CPU.Build.0 = Release|Any CPU
	EndGlobalSection
	GlobalSection(SolutionProperties) = preSolution
		HideSolutionNode = FALSE
	EndGlobalSection
	GlobalSection(ExtensibilityGlobals) = postSolution
		SolutionGuid = {705B6D9F-2F18-436E-A4EB-18170DA7454D}
	EndGlobalSection
EndGlobal
